
Microsoft Visual Studio Solution File, Format Version 12.00
# Visual Studio Version 16
VisualStudioVersion = 16.0.31410.357
MinimumVisualStudioVersion = 10.0.40219.1
Project("{9A19103F-16F7-4668-BE54-9A1E7A4F7556}") = "BO", "..\BO\BO.csproj", "{88EED8B7-C4A9-424B-B900-5816F4A7C94C}"
EndProject
Project("{9A19103F-16F7-4668-BE54-9A1E7A4F7556}") = "BLLC", "BLLC\BLLC.csproj", "{664EDC88-5523-4D6D-A85F-31A940E02B9E}"
EndProject
Project("{FAE04EC0-301F-11D3-BF4B-00C04F79EFBC}") = "ClientDesktop", "ClientDesktop\ClientDesktop.csproj", "{EC958051-CE68-431F-A94C-062C8098C342}"
EndProject
Global
	GlobalSection(SolutionConfigurationPlatforms) = preSolution
		Debug|Any CPU = Debug|Any CPU
		Release|Any CPU = Release|Any CPU
	EndGlobalSection
	GlobalSection(ProjectConfigurationPlatforms) = postSolution
		{88EED8B7-C4A9-424B-B900-5816F4A7C94C}.Debug|Any CPU.ActiveCfg = Debug|Any CPU
		{88EED8B7-C4A9-424B-B900-5816F4A7C94C}.Debug|Any CPU.Build.0 = Debug|Any CPU
		{88EED8B7-C4A9-424B-B900-5816F4A7C94C}.Release|Any CPU.ActiveCfg = Release|Any CPU
		{88EED8B7-C4A9-424B-B900-5816F4A7C94C}.Release|Any CPU.Build.0 = Release|Any CPU
		{664EDC88-5523-4D6D-A85F-31A940E02B9E}.Debug|Any CPU.ActiveCfg = Debug|Any CPU
		{664EDC88-5523-4D6D-A85F-31A940E02B9E}.Debug|Any CPU.Build.0 = Debug|Any CPU
		{664EDC88-5523-4D6D-A85F-31A940E02B9E}.Release|Any CPU.ActiveCfg = Release|Any CPU
		{664EDC88-5523-4D6D-A85F-31A940E02B9E}.Release|Any CPU.Build.0 = Release|Any CPU
		{EC958051-CE68-431F-A94C-062C8098C342}.Debug|Any CPU.ActiveCfg = Debug|Any CPU
		{EC958051-CE68-431F-A94C-062C8098C342}.Debug|Any CPU.Build.0 = Debug|Any CPU
		{EC958051-CE68-431F-A94C-062C8098C342}.Release|Any CPU.ActiveCfg = Release|Any CPU
		{EC958051-CE68-431F-A94C-062C8098C342}.Release|Any CPU.Build.0 = Release|Any CPU
	EndGlobalSection
	GlobalSection(SolutionProperties) = preSolution
		HideSolutionNode = FALSE
	EndGlobalSection
	GlobalSection(ExtensibilityGlobals) = postSolution
		SolutionGuid = {E1FC4EFD-29F9-4338-B3D9-5FB82852558E}
	EndGlobalSection
EndGlobal
