
Microsoft Visual Studio Solution File, Format Version 12.00
# Visual Studio Version 16
VisualStudioVersion = 16.0.31313.79
MinimumVisualStudioVersion = 10.0.40219.1
Project("{9A19103F-16F7-4668-BE54-9A1E7A4F7556}") = "API", "API\API.csproj", "{9B77EAB3-9094-4008-8219-ED7328661C58}"
EndProject
Project("{9A19103F-16F7-4668-BE54-9A1E7A4F7556}") = "BLL", "BLL\BLL.csproj", "{DB2BA123-9968-4667-973A-A9D1023E9CEE}"
EndProject
Project("{9A19103F-16F7-4668-BE54-9A1E7A4F7556}") = "DAL", "DAL\DAL.csproj", "{D8B90CFF-3ED2-46D5-BAAA-FAC0E529E11E}"
EndProject
Project("{9A19103F-16F7-4668-BE54-9A1E7A4F7556}") = "BO", "..\BO\BO.csproj", "{6EF01556-3F21-4836-AE6B-2780122B01BE}"
EndProject
Project("{FAE04EC0-301F-11D3-BF4B-00C04F79EFBC}") = "TestUnitaire", "TestUnitaire\TestUnitaire.csproj", "{4A311FE1-CB55-47A3-A15C-04997ED07583}"
EndProject
Global
	GlobalSection(SolutionConfigurationPlatforms) = preSolution
		Debug|Any CPU = Debug|Any CPU
		Release|Any CPU = Release|Any CPU
	EndGlobalSection
	GlobalSection(ProjectConfigurationPlatforms) = postSolution
		{9B77EAB3-9094-4008-8219-ED7328661C58}.Debug|Any CPU.ActiveCfg = Debug|Any CPU
		{9B77EAB3-9094-4008-8219-ED7328661C58}.Debug|Any CPU.Build.0 = Debug|Any CPU
		{9B77EAB3-9094-4008-8219-ED7328661C58}.Release|Any CPU.ActiveCfg = Release|Any CPU
		{9B77EAB3-9094-4008-8219-ED7328661C58}.Release|Any CPU.Build.0 = Release|Any CPU
		{DB2BA123-9968-4667-973A-A9D1023E9CEE}.Debug|Any CPU.ActiveCfg = Debug|Any CPU
		{DB2BA123-9968-4667-973A-A9D1023E9CEE}.Debug|Any CPU.Build.0 = Debug|Any CPU
		{DB2BA123-9968-4667-973A-A9D1023E9CEE}.Release|Any CPU.ActiveCfg = Release|Any CPU
		{DB2BA123-9968-4667-973A-A9D1023E9CEE}.Release|Any CPU.Build.0 = Release|Any CPU
		{D8B90CFF-3ED2-46D5-BAAA-FAC0E529E11E}.Debug|Any CPU.ActiveCfg = Debug|Any CPU
		{D8B90CFF-3ED2-46D5-BAAA-FAC0E529E11E}.Debug|Any CPU.Build.0 = Debug|Any CPU
		{D8B90CFF-3ED2-46D5-BAAA-FAC0E529E11E}.Release|Any CPU.ActiveCfg = Release|Any CPU
		{D8B90CFF-3ED2-46D5-BAAA-FAC0E529E11E}.Release|Any CPU.Build.0 = Release|Any CPU
		{6EF01556-3F21-4836-AE6B-2780122B01BE}.Debug|Any CPU.ActiveCfg = Debug|Any CPU
		{6EF01556-3F21-4836-AE6B-2780122B01BE}.Debug|Any CPU.Build.0 = Debug|Any CPU
		{6EF01556-3F21-4836-AE6B-2780122B01BE}.Release|Any CPU.ActiveCfg = Release|Any CPU
		{6EF01556-3F21-4836-AE6B-2780122B01BE}.Release|Any CPU.Build.0 = Release|Any CPU
		{4A311FE1-CB55-47A3-A15C-04997ED07583}.Debug|Any CPU.ActiveCfg = Debug|Any CPU
		{4A311FE1-CB55-47A3-A15C-04997ED07583}.Debug|Any CPU.Build.0 = Debug|Any CPU
		{4A311FE1-CB55-47A3-A15C-04997ED07583}.Release|Any CPU.ActiveCfg = Release|Any CPU
		{4A311FE1-CB55-47A3-A15C-04997ED07583}.Release|Any CPU.Build.0 = Release|Any CPU
	EndGlobalSection
	GlobalSection(SolutionProperties) = preSolution
		HideSolutionNode = FALSE
	EndGlobalSection
	GlobalSection(ExtensibilityGlobals) = postSolution
		SolutionGuid = {6D492ED3-891A-42AB-B9A5-F49CC1D320E6}
	EndGlobalSection
EndGlobal
